
Microsoft Visual Studio Solution File, Format Version 12.00
# Visual Studio Version 17
VisualStudioVersion = 17.5.33516.290
MinimumVisualStudioVersion = 10.0.40219.1
Project("{8BC9CEB8-8B4A-11D0-8D11-00A0C91BC942}") = "RTS3DRetake_Madalina", "RTS3DRetake_Madalina\RTS3DRetake_Madalina.vcxproj", "{48CB6017-9A0C-4BA8-9F3B-FF425D9E85E3}"
EndProject
Global
	GlobalSection(SolutionConfigurationPlatforms) = preSolution
		Debug|ARM = Debug|ARM
		Debug|ARM64 = Debug|ARM64
		Release|ARM = Release|ARM
		Release|ARM64 = Release|ARM64
	EndGlobalSection
	GlobalSection(ProjectConfigurationPlatforms) = postSolution
		{48CB6017-9A0C-4BA8-9F3B-FF425D9E85E3}.Debug|ARM.ActiveCfg = Debug|ARM
		{48CB6017-9A0C-4BA8-9F3B-FF425D9E85E3}.Debug|ARM.Build.0 = Debug|ARM
		{48CB6017-9A0C-4BA8-9F3B-FF425D9E85E3}.Debug|ARM.Deploy.0 = Debug|ARM
		{48CB6017-9A0C-4BA8-9F3B-FF425D9E85E3}.Debug|ARM64.ActiveCfg = Debug|ARM64
		{48CB6017-9A0C-4BA8-9F3B-FF425D9E85E3}.Debug|ARM64.Build.0 = Debug|ARM64
		{48CB6017-9A0C-4BA8-9F3B-FF425D9E85E3}.Debug|ARM64.Deploy.0 = Debug|ARM64
		{48CB6017-9A0C-4BA8-9F3B-FF425D9E85E3}.Release|ARM.ActiveCfg = Release|ARM
		{48CB6017-9A0C-4BA8-9F3B-FF425D9E85E3}.Release|ARM.Build.0 = Release|ARM
		{48CB6017-9A0C-4BA8-9F3B-FF425D9E85E3}.Release|ARM.Deploy.0 = Release|ARM
		{48CB6017-9A0C-4BA8-9F3B-FF425D9E85E3}.Release|ARM64.ActiveCfg = Release|ARM64
		{48CB6017-9A0C-4BA8-9F3B-FF425D9E85E3}.Release|ARM64.Build.0 = Release|ARM64
		{48CB6017-9A0C-4BA8-9F3B-FF425D9E85E3}.Release|ARM64.Deploy.0 = Release|ARM64
	EndGlobalSection
	GlobalSection(SolutionProperties) = preSolution
		HideSolutionNode = FALSE
	EndGlobalSection
	GlobalSection(ExtensibilityGlobals) = postSolution
		SolutionGuid = {D6F8500B-074C-428E-829E-5E5FD9BBCA49}
	EndGlobalSection
EndGlobal
